
Microsoft Visual Studio Solution File, Format Version 12.00
# Visual Studio Version 17
VisualStudioVersion = 17.12.35707.178 d17.12
MinimumVisualStudioVersion = 10.0.40219.1
Project("{FAE04EC0-301F-11D3-BF4B-00C04F79EFBC}") = "ReflexPOC", "ReflexPOC\ReflexPOC.csproj", "{265655DD-D0E0-4468-B7CA-0874C45B755B}"
EndProject
Global
	GlobalSection(SolutionConfigurationPlatforms) = preSolution
		Debug|Any CPU = Debug|Any CPU
		Release|Any CPU = Release|Any CPU
	EndGlobalSection
	GlobalSection(ProjectConfigurationPlatforms) = postSolution
		{265655DD-D0E0-4468-B7CA-0874C45B755B}.Debug|Any CPU.ActiveCfg = Debug|Any CPU
		{265655DD-D0E0-4468-B7CA-0874C45B755B}.Debug|Any CPU.Build.0 = Debug|Any CPU
		{265655DD-D0E0-4468-B7CA-0874C45B755B}.Release|Any CPU.ActiveCfg = Release|Any CPU
		{265655DD-D0E0-4468-B7CA-0874C45B755B}.Release|Any CPU.Build.0 = Release|Any CPU
	EndGlobalSection
	GlobalSection(SolutionProperties) = preSolution
		HideSolutionNode = FALSE
	EndGlobalSection
EndGlobal
